<?xml version="1.0" encoding="utf-8"?>
<Project ToolsVersion="4.0" xmlns="http://schemas.microsoft.com/developer/msbuild/2003">
  <ItemGroup>
    <Filter Include="Resource Files">
      <UniqueIdentifier>{c9c81c2a-2042-4051-9383-d5dafc230c3b}</UniqueIdentifier>
    </Filter>
    <Filter Include="Custom Game Objects">
      <UniqueIdentifier>{3c48b7a1-dba2-45d9-bfd1-281456632d20}</UniqueIdentifier>
    </Filter>
  </ItemGroup>
  <ItemGroup>
    <Image Include="Resource Files\eaeAlien.ico">
      <Filter>Resource Files</Filter>
    </Image>
    <Image Include="Resource Files\eaeGamePad.ico">
      <Filter>Resource Files</Filter>
    </Image>
    <Image Include="Resource Files\vsDefault_large.ico">
      <Filter>Resource Files</Filter>
    </Image>
    <Image Include="Resource Files\vsDefault_small.ico">
      <Filter>Resource Files</Filter>
    </Image>
  </ItemGroup>
  <ItemGroup>
    <ClInclude Include="Resource Files\Resource.h">
      <Filter>Resource Files</Filter>
    </ClInclude>
    <ClInclude Include="Resource Files\targetver.h">
      <Filter>Resource Files</Filter>
    </ClInclude>
    <ClInclude Include="cMyGame.h" />
    <ClInclude Include="Custom Game Objects\MoveableCube.h">
      <Filter>Custom Game Objects</Filter>
    </ClInclude>
    <ClInclude Include="Custom Game Objects\HomingCube.h">
      <Filter>Custom Game Objects</Filter>
    </ClInclude>
    <ClInclude Include="Custom Game Objects\Player.h">
      <Filter>Custom Game Objects</Filter>
    </ClInclude>
    <ClInclude Include="Custom Game Objects\Bullet.h">
      <Filter>Custom Game Objects</Filter>
    </ClInclude>
    <ClInclude Include="Custom Game Objects\Boss.h">
      <Filter>Custom Game Objects</Filter>
    </ClInclude>
  </ItemGroup>
  <ItemGroup>
    <ClCompile Include="EntryPoint.cpp" />
    <ClCompile Include="cMyGame.cpp" />
    <ClCompile Include="Custom Game Objects\MoveableCube.cpp">
      <Filter>Custom Game Objects</Filter>
    </ClCompile>
    <ClCompile Include="Custom Game Objects\HomingCube.cpp">
      <Filter>Custom Game Objects</Filter>
    </ClCompile>
    <ClCompile Include="Custom Game Objects\Player.cpp">
      <Filter>Custom Game Objects</Filter>
    </ClCompile>
    <ClCompile Include="Custom Game Objects\Bullet.cpp">
      <Filter>Custom Game Objects</Filter>
    </ClCompile>
    <ClCompile Include="Custom Game Objects\Boss.cpp">
      <Filter>Custom Game Objects</Filter>
    </ClCompile>
  </ItemGroup>
  <ItemGroup>
    <ResourceCompile Include="Resource Files\MyGame.rc">
      <Filter>Resource Files</Filter>
    </ResourceCompile>
  </ItemGroup>
</Project>